// !$*UTF8*$!
{
	archiveVersion = 1;
	classes = {
	};
	objectVersion = 46;
	objects = {

/* Begin PBXBuildFile section */
		6C0C620C1F4236C70023B03A /* Forecast.swift in Sources */ = {isa = PBXBuildFile; fileRef = 6C0C620B1F4236C70023B03A /* Forecast.swift */; };
		6C1380DE1F3E8D9D0040373D /* Constants.swift in Sources */ = {isa = PBXBuildFile; fileRef = 6C1380DD1F3E8D9C0040373D /* Constants.swift */; };
		6C26E31B1F3FE1D000685F1C /* CurrentWeather.swift in Sources */ = {isa = PBXBuildFile; fileRef = 6C26E31A1F3FE1CF00685F1C /* CurrentWeather.swift */; };
		6CF1564E1F34D6E600C04ED5 /* AppDelegate.swift in Sources */ = {isa = PBXBuildFile; fileRef = 6CF1564D1F34D6E600C04ED5 /* AppDelegate.swift */; };
		6CF156501F34D6E600C04ED5 /* WeatherVC.swift in Sources */ = {isa = PBXBuildFile; fileRef = 6CF1564F1F34D6E600C04ED5 /* WeatherVC.swift */; };
		6CF156531F34D6E600C04ED5 /* Main.storyboard in Resources */ = {isa = PBXBuildFile; fileRef = 6CF156511F34D6E600C04ED5 /* Main.storyboard */; };
		6CF156551F34D6E600C04ED5 /* Assets.xcassets in Resources */ = {isa = PBXBuildFile; fileRef = 6CF156541F34D6E600C04ED5 /* Assets.xcassets */; };
		6CF156581F34D6E600C04ED5 /* LaunchScreen.storyboard in Resources */ = {isa = PBXBuildFile; fileRef = 6CF156561F34D6E600C04ED5 /* LaunchScreen.storyboard */; };
		8A3C39EB1F5DB2E45B519A94 /* Pods_weatherApp.framework in Frameworks */ = {isa = PBXBuildFile; fileRef = A26A89AECFF8627837177B65 /* Pods_weatherApp.framework */; };
/* End PBXBuildFile section */

/* Begin PBXFileReference section */
		6C0C620B1F4236C70023B03A /* Forecast.swift */ = {isa = PBXFileReference; fileEncoding = 4; lastKnownFileType = sourcecode.swift; path = Forecast.swift; sourceTree = "<group>"; };
		6C1380DD1F3E8D9C0040373D /* Constants.swift */ = {isa = PBXFileReference; fileEncoding = 4; lastKnownFileType = sourcecode.swift; path = Constants.swift; sourceTree = "<group>"; };
		6C26E31A1F3FE1CF00685F1C /* CurrentWeather.swift */ = {isa = PBXFileReference; fileEncoding = 4; lastKnownFileType = sourcecode.swift; path = CurrentWeather.swift; sourceTree = "<group>"; };
		6CF1564A1F34D6E500C04ED5 /* weatherApp.app */ = {isa = PBXFileReference; explicitFileType = wrapper.application; includeInIndex = 0; path = weatherApp.app; sourceTree = BUILT_PRODUCTS_DIR; };
		6CF1564D1F34D6E600C04ED5 /* AppDelegate.swift */ = {isa = PBXFileReference; lastKnownFileType = sourcecode.swift; path = AppDelegate.swift; sourceTree = "<group>"; };
		6CF1564F1F34D6E600C04ED5 /* WeatherVC.swift */ = {isa = PBXFileReference; lastKnownFileType = sourcecode.swift; path = WeatherVC.swift; sourceTree = "<group>"; };
		6CF156521F34D6E600C04ED5 /* Base */ = {isa = PBXFileReference; lastKnownFileType = file.storyboard; name = Base; path = Base.lproj/Main.storyboard; sourceTree = "<group>"; };
		6CF156541F34D6E600C04ED5 /* Assets.xcassets */ = {isa = PBXFileReference; lastKnownFileType = folder.assetcatalog; path = Assets.xcassets; sourceTree = "<group>"; };
		6CF156571F34D6E600C04ED5 /* Base */ = {isa = PBXFileReference; lastKnownFileType = file.storyboard; name = Base; path = Base.lproj/LaunchScreen.storyboard; sourceTree = "<group>"; };
		6CF156591F34D6E600C04ED5 /* Info.plist */ = {isa = PBXFileReference; lastKnownFileType = text.plist.xml; path = Info.plist; sourceTree = "<group>"; };
		7BD9F86439E417689B1D05E5 /* Pods-weatherApp.release.xcconfig */ = {isa = PBXFileReference; includeInIndex = 1; lastKnownFileType = text.xcconfig; name = "Pods-weatherApp.release.xcconfig"; path = "Pods/Target Support Files/Pods-weatherApp/Pods-weatherApp.release.xcconfig"; sourceTree = "<group>"; };
		8AB71744B247FA209A488D58 /* Pods-weatherApp.debug.xcconfig */ = {isa = PBXFileReference; includeInIndex = 1; lastKnownFileType = text.xcconfig; name = "Pods-weatherApp.debug.xcconfig"; path = "Pods/Target Support Files/Pods-weatherApp/Pods-weatherApp.debug.xcconfig"; sourceTree = "<group>"; };
		A26A89AECFF8627837177B65 /* Pods_weatherApp.framework */ = {isa = PBXFileReference; explicitFileType = wrapper.framework; includeInIndex = 0; path = Pods_weatherApp.framework; sourceTree = BUILT_PRODUCTS_DIR; };
/* End PBXFileReference section */

/* Begin PBXFrameworksBuildPhase section */
		6CF156471F34D6E500C04ED5 /* Frameworks */ = {
			isa = PBXFrameworksBuildPhase;
			buildActionMask = 2147483647;
			files = (
				8A3C39EB1F5DB2E45B519A94 /* Pods_weatherApp.framework in Frameworks */,
			);
			runOnlyForDeploymentPostprocessing = 0;
		};
/* End PBXFrameworksBuildPhase section */

/* Begin PBXGroup section */
		622E6FBD5E7772AA28F10737 /* Pods */ = {
			isa = PBXGroup;
			children = (
				8AB71744B247FA209A488D58 /* Pods-weatherApp.debug.xcconfig */,
				7BD9F86439E417689B1D05E5 /* Pods-weatherApp.release.xcconfig */,
			);
			name = Pods;
			sourceTree = "<group>";
		};
		6CF156411F34D6E500C04ED5 = {
			isa = PBXGroup;
			children = (
				6CF1564C1F34D6E500C04ED5 /* weatherApp */,
				6CF1564B1F34D6E500C04ED5 /* Products */,
				622E6FBD5E7772AA28F10737 /* Pods */,
				B3044BD7DC00144FA53A9904 /* Frameworks */,
			);
			sourceTree = "<group>";
		};
		6CF1564B1F34D6E500C04ED5 /* Products */ = {
			isa = PBXGroup;
			children = (
				6CF1564A1F34D6E500C04ED5 /* weatherApp.app */,
			);
			name = Products;
			sourceTree = "<group>";
		};
		6CF1564C1F34D6E500C04ED5 /* weatherApp */ = {
			isa = PBXGroup;
			children = (
				6CF1564D1F34D6E600C04ED5 /* AppDelegate.swift */,
				6CF1564F1F34D6E600C04ED5 /* WeatherVC.swift */,
				6C0C620B1F4236C70023B03A /* Forecast.swift */,
				6C26E31A1F3FE1CF00685F1C /* CurrentWeather.swift */,
				6C1380DD1F3E8D9C0040373D /* Constants.swift */,
				6CF156511F34D6E600C04ED5 /* Main.storyboard */,
				6CF156541F34D6E600C04ED5 /* Assets.xcassets */,
				6CF156561F34D6E600C04ED5 /* LaunchScreen.storyboard */,
				6CF156591F34D6E600C04ED5 /* Info.plist */,
			);
			path = weatherApp;
			sourceTree = "<group>";
		};
		B3044BD7DC00144FA53A9904 /* Frameworks */ = {
			isa = PBXGroup;
			children = (
				A26A89AECFF8627837177B65 /* Pods_weatherApp.framework */,
			);
			name = Frameworks;
			sourceTree = "<group>";
		};
/* End PBXGroup section */

/* Begin PBXNativeTarget section */
		6CF156491F34D6E500C04ED5 /* weatherApp */ = {
			isa = PBXNativeTarget;
			buildConfigurationList = 6CF1565C1F34D6E600C04ED5 /* Build configuration list for PBXNativeTarget "weatherApp" */;
			buildPhases = (
				05A26DCC134C2489AC57064A /* [CP] Check Pods Manifest.lock */,
				6CF156461F34D6E500C04ED5 /* Sources */,
				6CF156471F34D6E500C04ED5 /* Frameworks */,
				6CF156481F34D6E500C04ED5 /* Resources */,
				D796EF0EEC560917FCAF435F /* [CP] Embed Pods Frameworks */,
				63C6DC3A41756D59593E4105 /* [CP] Copy Pods Resources */,
			);
			buildRules = (
			);
			dependencies = (
			);
			name = weatherApp;
			productName = weatherApp;
			productReference = 6CF1564A1F34D6E500C04ED5 /* weatherApp.app */;
			productType = "com.apple.product-type.application";
		};
/* End PBXNativeTarget section */

/* Begin PBXProject section */
		6CF156421F34D6E500C04ED5 /* Project object */ = {
			isa = PBXProject;
			attributes = {
				LastSwiftUpdateCheck = 0830;
				LastUpgradeCheck = 0830;
				ORGANIZATIONNAME = "Huzaifa Asif";
				TargetAttributes = {
					6CF156491F34D6E500C04ED5 = {
						CreatedOnToolsVersion = 8.3.3;
						ProvisioningStyle = Automatic;
					};
				};
			};
			buildConfigurationList = 6CF156451F34D6E500C04ED5 /* Build configuration list for PBXProject "weatherApp" */;
			compatibilityVersion = "Xcode 3.2";
			developmentRegion = English;
			hasScannedForEncodings = 0;
			knownRegions = (
				en,
				Base,
			);
			mainGroup = 6CF156411F34D6E500C04ED5;
			productRefGroup = 6CF1564B1F34D6E500C04ED5 /* Products */;
			projectDirPath = "";
			projectRoot = "";
			targets = (
				6CF156491F34D6E500C04ED5 /* weatherApp */,
			);
		};
/* End PBXProject section */

/* Begin PBXResourcesBuildPhase section */
		6CF156481F34D6E500C04ED5 /* Resources */ = {
			isa = PBXResourcesBuildPhase;
			buildActionMask = 2147483647;
			files = (
				6CF156581F34D6E600C04ED5 /* LaunchScreen.storyboard in Resources */,
				6CF156551F34D6E600C04ED5 /* Assets.xcassets in Resources */,
				6CF156531F34D6E600C04ED5 /* Main.storyboard in Resources */,
			);
			runOnlyForDeploymentPostprocessing = 0;
		};
/* End PBXResourcesBuildPhase section */

/* Begin PBXShellScriptBuildPhase section */
		05A26DCC134C2489AC57064A /* [CP] Check Pods Manifest.lock */ = {
			isa = PBXShellScriptBuildPhase;
			buildActionMask = 2147483647;
			files = (
			);
			inputPaths = (
				"${PODS_PODFILE_DIR_PATH}/Podfile.lock",
				"${PODS_ROOT}/Manifest.lock",
			);
			name = "[CP] Check Pods Manifest.lock";
			outputPaths = (
				"$(DERIVED_FILE_DIR)/Pods-weatherApp-checkManifestLockResult.txt",
			);
			runOnlyForDeploymentPostprocessing = 0;
			shellPath = /bin/sh;
			shellScript = "diff \"${PODS_PODFILE_DIR_PATH}/Podfile.lock\" \"${PODS_ROOT}/Manifest.lock\" > /dev/null\nif [ $? != 0 ] ; then\n    # print error to STDERR\n    echo \"error: The sandbox is not in sync with the Podfile.lock. Run 'pod install' or update your CocoaPods installation.\" >&2\n    exit 1\nfi\n# This output is used by Xcode 'outputs' to avoid re-running this script phase.\necho \"SUCCESS\" > \"${SCRIPT_OUTPUT_FILE_0}\"\n";
			showEnvVarsInLog = 0;
		};
		63C6DC3A41756D59593E4105 /* [CP] Copy Pods Resources */ = {
			isa = PBXShellScriptBuildPhase;
			buildActionMask = 2147483647;
			files = (
			);
			inputPaths = (
			);
			name = "[CP] Copy Pods Resources";
			outputPaths = (
			);
			runOnlyForDeploymentPostprocessing = 0;
			shellPath = /bin/sh;
			shellScript = "\"${SRCROOT}/Pods/Target Support Files/Pods-weatherApp/Pods-weatherApp-resources.sh\"\n";
			showEnvVarsInLog = 0;
		};
		D796EF0EEC560917FCAF435F /* [CP] Embed Pods Frameworks */ = {
			isa = PBXShellScriptBuildPhase;
			buildActionMask = 2147483647;
			files = (
			);
			inputPaths = (
				"${SRCROOT}/Pods/Target Support Files/Pods-weatherApp/Pods-weatherApp-frameworks.sh",
				"${BUILT_PRODUCTS_DIR}/Alamofire/Alamofire.framework",
			);
			name = "[CP] Embed Pods Frameworks";
			outputPaths = (
				"${TARGET_BUILD_DIR}/${FRAMEWORKS_FOLDER_PATH}/Alamofire.framework",
			);
			runOnlyForDeploymentPostprocessing = 0;
			shellPath = /bin/sh;
			shellScript = "\"${SRCROOT}/Pods/Target Support Files/Pods-weatherApp/Pods-weatherApp-frameworks.sh\"\n";
			showEnvVarsInLog = 0;
		};
/* End PBXShellScriptBuildPhase section */

/* Begin PBXSourcesBuildPhase section */
		6CF156461F34D6E500C04ED5 /* Sources */ = {
			isa = PBXSourcesBuildPhase;
			buildActionMask = 2147483647;
			files = (
				6CF156501F34D6E600C04ED5 /* WeatherVC.swift in Sources */,
				6CF1564E1F34D6E600C04ED5 /* AppDelegate.swift in Sources */,
				6C26E31B1F3FE1D000685F1C /* CurrentWeather.swift in Sources */,
				6C1380DE1F3E8D9D0040373D /* Constants.swift in Sources */,
				6C0C620C1F4236C70023B03A /* Forecast.swift in Sources */,
			);
			runOnlyForDeploymentPostprocessing = 0;
		};
/* End PBXSourcesBuildPhase section */

/* Begin PBXVariantGroup section */
		6CF156511F34D6E600C04ED5 /* Main.storyboard */ = {
			isa = PBXVariantGroup;
			children = (
				6CF156521F34D6E600C04ED5 /* Base */,
			);
			name = Main.storyboard;
			sourceTree = "<group>";
		};
		6CF156561F34D6E600C04ED5 /* LaunchScreen.storyboard */ = {
			isa = PBXVariantGroup;
			children = (
				6CF156571F34D6E600C04ED5 /* Base */,
			);
			name = LaunchScreen.storyboard;
			sourceTree = "<group>";
		};
/* End PBXVariantGroup section */

/* Begin XCBuildConfiguration section */
		6CF1565A1F34D6E600C04ED5 /* Debug */ = {
			isa = XCBuildConfiguration;
			buildSettings = {
				ALWAYS_SEARCH_USER_PATHS = NO;
				CLANG_ANALYZER_NONNULL = YES;
				CLANG_ANALYZER_NUMBER_OBJECT_CONVERSION = YES_AGGRESSIVE;
				CLANG_CXX_LANGUAGE_STANDARD = "gnu++0x";
				CLANG_CXX_LIBRARY = "libc++";
				CLANG_ENABLE_MODULES = YES;
				CLANG_ENABLE_OBJC_ARC = YES;
				CLANG_WARN_BOOL_CONVERSION = YES;
				CLANG_WARN_CONSTANT_CONVERSION = YES;
				CLANG_WARN_DIRECT_OBJC_ISA_USAGE = YES_ERROR;
				CLANG_WARN_DOCUMENTATION_COMMENTS = YES;
				CLANG_WARN_EMPTY_BODY = YES;
				CLANG_WARN_ENUM_CONVERSION = YES;
				CLANG_WARN_INFINITE_RECURSION = YES;
				CLANG_WARN_INT_CONVERSION = YES;
				CLANG_WARN_OBJC_ROOT_CLASS = YES_ERROR;
				CLANG_WARN_SUSPICIOUS_MOVE = YES;
				CLANG_WARN_UNREACHABLE_CODE = YES;
				CLANG_WARN__DUPLICATE_METHOD_MATCH = YES;
				"CODE_SIGN_IDENTITY[sdk=iphoneos*]" = "iPhone Developer";
				COPY_PHASE_STRIP = NO;
				DEBUG_INFORMATION_FORMAT = dwarf;
				ENABLE_STRICT_OBJC_MSGSEND = YES;
				ENABLE_TESTABILITY = YES;
				GCC_C_LANGUAGE_STANDARD = gnu99;
				GCC_DYNAMIC_NO_PIC = NO;
				GCC_NO_COMMON_BLOCKS = YES;
				GCC_OPTIMIZATION_LEVEL = 0;
				GCC_PREPROCESSOR_DEFINITIONS = (
					"DEBUG=1",
					"$(inherited)",
				);
				GCC_WARN_64_TO_32_BIT_CONVERSION = YES;
				GCC_WARN_ABOUT_RETURN_TYPE = YES_ERROR;
				GCC_WARN_UNDECLARED_SELECTOR = YES;
				GCC_WARN_UNINITIALIZED_AUTOS = YES_AGGRESSIVE;
				GCC_WARN_UNUSED_FUNCTION = YES;
				GCC_WARN_UNUSED_VARIABLE = YES;
				IPHONEOS_DEPLOYMENT_TARGET = 10.3;
				MTL_ENABLE_DEBUG_INFO = YES;
				ONLY_ACTIVE_ARCH = YES;
				SDKROOT = iphoneos;
				SWIFT_ACTIVE_COMPILATION_CONDITIONS = DEBUG;
				SWIFT_OPTIMIZATION_LEVEL = "-Onone";
				TARGETED_DEVICE_FAMILY = "1,2";
			};
			name = Debug;
		};
		6CF1565B1F34D6E600C04ED5 /* Release */ = {
			isa = XCBuildConfiguration;
			buildSettings = {
				ALWAYS_SEARCH_USER_PATHS = NO;
				CLANG_ANALYZER_NONNULL = YES;
				CLANG_ANALYZER_NUMBER_OBJECT_CONVERSION = YES_AGGRESSIVE;
				CLANG_CXX_LANGUAGE_STANDARD = "gnu++0x";
				CLANG_CXX_LIBRARY = "libc++";
				CLANG_ENABLE_MODULES = YES;
				CLANG_ENABLE_OBJC_ARC = YES;
				CLANG_WARN_BOOL_CONVERSION = YES;
				CLANG_WARN_CONSTANT_CONVERSION = YES;
				CLANG_WARN_DIRECT_OBJC_ISA_USAGE = YES_ERROR;
				CLANG_WARN_DOCUMENTATION_COMMENTS = YES;
				CLANG_WARN_EMPTY_BODY = YES;
				CLANG_WARN_ENUM_CONVERSION = YES;
				CLANG_WARN_INFINITE_RECURSION = YES;
				CLANG_WARN_INT_CONVERSION = YES;
				CLANG_WARN_OBJC_ROOT_CLASS = YES_ERROR;
				CLANG_WARN_SUSPICIOUS_MOVE = YES;
				CLANG_WARN_UNREACHABLE_CODE = YES;
				CLANG_WARN__DUPLICATE_METHOD_MATCH = YES;
				"CODE_SIGN_IDENTITY[sdk=iphoneos*]" = "iPhone Developer";
				COPY_PHASE_STRIP = NO;
				DEBUG_INFORMATION_FORMAT = "dwarf-with-dsym";
				ENABLE_NS_ASSERTIONS = NO;
				ENABLE_STRICT_OBJC_MSGSEND = YES;
				GCC_C_LANGUAGE_STANDARD = gnu99;
				GCC_NO_COMMON_BLOCKS = YES;
				GCC_WARN_64_TO_32_BIT_CONVERSION = YES;
				GCC_WARN_ABOUT_RETURN_TYPE = YES_ERROR;
				GCC_WARN_UNDECLARED_SELECTOR = YES;
				GCC_WARN_UNINITIALIZED_AUTOS = YES_AGGRESSIVE;
				GCC_WARN_UNUSED_FUNCTION = YES;
				GCC_WARN_UNUSED_VARIABLE = YES;
				IPHONEOS_DEPLOYMENT_TARGET = 10.3;
				MTL_ENABLE_DEBUG_INFO = NO;
				SDKROOT = iphoneos;
				SWIFT_OPTIMIZATION_LEVEL = "-Owholemodule";
				TARGETED_DEVICE_FAMILY = "1,2";
				VALIDATE_PRODUCT = YES;
			};
			name = Release;
		};
		6CF1565D1F34D6E600C04ED5 /* Debug */ = {
			isa = XCBuildConfiguration;
			baseConfigurationReference = 8AB71744B247FA209A488D58 /* Pods-weatherApp.debug.xcconfig */;
			buildSettings = {
				ASSETCATALOG_COMPILER_APPICON_NAME = AppIcon;
				INFOPLIST_FILE = weatherApp/Info.plist;
				LD_RUNPATH_SEARCH_PATHS = "$(inherited) @executable_path/Frameworks";
				PRODUCT_BUNDLE_IDENTIFIER = huzi.123.weatherApp;
				PRODUCT_NAME = "$(TARGET_NAME)";
				SWIFT_VERSION = 3.0;
			};
			name = Debug;
		};
		6CF1565E1F34D6E600C04ED5 /* Release */ = {
			isa = XCBuildConfiguration;
			baseConfigurationReference = 7BD9F86439E417689B1D05E5 /* Pods-weatherApp.release.xcconfig */;
			buildSettings = {
				ASSETCATALOG_COMPILER_APPICON_NAME = AppIcon;
				INFOPLIST_FILE = weatherApp/Info.plist;
				LD_RUNPATH_SEARCH_PATHS = "$(inherited) @executable_path/Frameworks";
				PRODUCT_BUNDLE_IDENTIFIER = huzi.123.weatherApp;
				PRODUCT_NAME = "$(TARGET_NAME)";
				SWIFT_VERSION = 3.0;
			};
			name = Release;
		};
/* End XCBuildConfiguration section */

/* Begin XCConfigurationList section */
		6CF156451F34D6E500C04ED5 /* Build configuration list for PBXProject "weatherApp" */ = {
			isa = XCConfigurationList;
			buildConfigurations = (
				6CF1565A1F34D6E600C04ED5 /* Debug */,
				6CF1565B1F34D6E600C04ED5 /* Release */,
			);
			defaultConfigurationIsVisible = 0;
			defaultConfigurationName = Release;
		};
		6CF1565C1F34D6E600C04ED5 /* Build configuration list for PBXNativeTarget "weatherApp" */ = {
			isa = XCConfigurationList;
			buildConfigurations = (
				6CF1565D1F34D6E600C04ED5 /* Debug */,
				6CF1565E1F34D6E600C04ED5 /* Release */,
			);
			defaultConfigurationIsVisible = 0;
			defaultConfigurationName = Release;
		};
/* End XCConfigurationList section */
	};
	rootObject = 6CF156421F34D6E500C04ED5 /* Project object */;
}
